
Microsoft Visual Studio Solution File, Format Version 12.00
# Visual Studio 15
VisualStudioVersion = 15.0.28307.421
MinimumVisualStudioVersion = 10.0.40219.1
Project("{888888A0-9F3D-457C-B088-3A5042F75D52}") = "step", "step\step.pyproj", "{F3AF7044-A0DB-486C-BB19-0F80F496F3BA}"
EndProject
Global
	GlobalSection(SolutionConfigurationPlatforms) = preSolution
		Debug|Any CPU = Debug|Any CPU
		Release|Any CPU = Release|Any CPU
	EndGlobalSection
	GlobalSection(ProjectConfigurationPlatforms) = postSolution
		{F3AF7044-A0DB-486C-BB19-0F80F496F3BA}.Debug|Any CPU.ActiveCfg = Debug|Any CPU
		{F3AF7044-A0DB-486C-BB19-0F80F496F3BA}.Release|Any CPU.ActiveCfg = Release|Any CPU
	EndGlobalSection
	GlobalSection(SolutionProperties) = preSolution
		HideSolutionNode = FALSE
	EndGlobalSection
	GlobalSection(ExtensibilityGlobals) = postSolution
		SolutionGuid = {6D9063A1-7749-4FEE-B6FB-5AB2593AD2DC}
	EndGlobalSection
EndGlobal
